
Microsoft Visual Studio Solution File, Format Version 12.00
# Visual Studio Version 16
VisualStudioVersion = 16.0.31829.152
MinimumVisualStudioVersion = 10.0.40219.1
Project("{9A19103F-16F7-4668-BE54-9A1E7A4F7556}") = "ChatNaFive", "ChatNaFive\ChatNaFive.csproj", "{04B3E9ED-BA00-46E8-BFF1-11F024B76E1D}"
EndProject
Project("{9A19103F-16F7-4668-BE54-9A1E7A4F7556}") = "ServerCore", "ServerCore\ServerCore.csproj", "{F00CB163-ABA0-477D-9621-B7BF32556D29}"
EndProject
Project("{FAE04EC0-301F-11D3-BF4B-00C04F79EFBC}") = "ServerFramework", "ServerFramework\ServerFramework.csproj", "{105B196E-BCF8-4285-9A56-C840C8A1DC95}"
EndProject
Global
	GlobalSection(SolutionConfigurationPlatforms) = preSolution
		Debug|Any CPU = Debug|Any CPU
		Release|Any CPU = Release|Any CPU
	EndGlobalSection
	GlobalSection(ProjectConfigurationPlatforms) = postSolution
		{04B3E9ED-BA00-46E8-BFF1-11F024B76E1D}.Debug|Any CPU.ActiveCfg = Debug|Any CPU
		{04B3E9ED-BA00-46E8-BFF1-11F024B76E1D}.Debug|Any CPU.Build.0 = Debug|Any CPU
		{04B3E9ED-BA00-46E8-BFF1-11F024B76E1D}.Release|Any CPU.ActiveCfg = Release|Any CPU
		{04B3E9ED-BA00-46E8-BFF1-11F024B76E1D}.Release|Any CPU.Build.0 = Release|Any CPU
		{F00CB163-ABA0-477D-9621-B7BF32556D29}.Debug|Any CPU.ActiveCfg = Debug|Any CPU
		{F00CB163-ABA0-477D-9621-B7BF32556D29}.Debug|Any CPU.Build.0 = Debug|Any CPU
		{F00CB163-ABA0-477D-9621-B7BF32556D29}.Release|Any CPU.ActiveCfg = Release|Any CPU
		{F00CB163-ABA0-477D-9621-B7BF32556D29}.Release|Any CPU.Build.0 = Release|Any CPU
		{105B196E-BCF8-4285-9A56-C840C8A1DC95}.Debug|Any CPU.ActiveCfg = Debug|Any CPU
		{105B196E-BCF8-4285-9A56-C840C8A1DC95}.Debug|Any CPU.Build.0 = Debug|Any CPU
		{105B196E-BCF8-4285-9A56-C840C8A1DC95}.Release|Any CPU.ActiveCfg = Release|Any CPU
		{105B196E-BCF8-4285-9A56-C840C8A1DC95}.Release|Any CPU.Build.0 = Release|Any CPU
	EndGlobalSection
	GlobalSection(SolutionProperties) = preSolution
		HideSolutionNode = FALSE
	EndGlobalSection
	GlobalSection(ExtensibilityGlobals) = postSolution
		SolutionGuid = {1A520548-7629-4AAC-8C04-AB1EBAEFBE61}
	EndGlobalSection
EndGlobal
